
Microsoft Visual Studio Solution File, Format Version 12.00
# Visual Studio Version 16
VisualStudioVersion = 16.0.31112.23
MinimumVisualStudioVersion = 10.0.40219.1
Project("{FAE04EC0-301F-11D3-BF4B-00C04F79EFBC}") = "RiotAPI", "RiotAPI\RiotAPI.csproj", "{C99CD63F-51E5-4396-9961-0DECD0CF7271}"
EndProject
Global
	GlobalSection(SolutionConfigurationPlatforms) = preSolution
		Debug|Any CPU = Debug|Any CPU
		Release|Any CPU = Release|Any CPU
	EndGlobalSection
	GlobalSection(ProjectConfigurationPlatforms) = postSolution
		{C99CD63F-51E5-4396-9961-0DECD0CF7271}.Debug|Any CPU.ActiveCfg = Debug|Any CPU
		{C99CD63F-51E5-4396-9961-0DECD0CF7271}.Debug|Any CPU.Build.0 = Debug|Any CPU
		{C99CD63F-51E5-4396-9961-0DECD0CF7271}.Release|Any CPU.ActiveCfg = Release|Any CPU
		{C99CD63F-51E5-4396-9961-0DECD0CF7271}.Release|Any CPU.Build.0 = Release|Any CPU
	EndGlobalSection
	GlobalSection(SolutionProperties) = preSolution
		HideSolutionNode = FALSE
	EndGlobalSection
	GlobalSection(ExtensibilityGlobals) = postSolution
		SolutionGuid = {4C4CE277-CA4A-4EC2-B63B-28E1B13C2D66}
	EndGlobalSection
EndGlobal
